
Microsoft Visual Studio Solution File, Format Version 12.00
# Visual Studio Version 17
VisualStudioVersion = 17.8.34330.188
MinimumVisualStudioVersion = 10.0.40219.1
Project("{9A19103F-16F7-4668-BE54-9A1E7A4F7556}") = "ChalengeApp", "ChalengeApp\ChalengeApp.csproj", "{31751641-0F5D-4DC9-B0B8-6535E8E8CC13}"
EndProject
Project("{9A19103F-16F7-4668-BE54-9A1E7A4F7556}") = "ChalengeApp.Tests", "ChalengeApp.Tests\ChalengeApp.Tests.csproj", "{99840E6C-A803-4067-A932-649E253850B7}"
EndProject
Global
	GlobalSection(SolutionConfigurationPlatforms) = preSolution
		Debug|Any CPU = Debug|Any CPU
		Release|Any CPU = Release|Any CPU
	EndGlobalSection
	GlobalSection(ProjectConfigurationPlatforms) = postSolution
		{31751641-0F5D-4DC9-B0B8-6535E8E8CC13}.Debug|Any CPU.ActiveCfg = Debug|Any CPU
		{31751641-0F5D-4DC9-B0B8-6535E8E8CC13}.Debug|Any CPU.Build.0 = Debug|Any CPU
		{31751641-0F5D-4DC9-B0B8-6535E8E8CC13}.Release|Any CPU.ActiveCfg = Release|Any CPU
		{31751641-0F5D-4DC9-B0B8-6535E8E8CC13}.Release|Any CPU.Build.0 = Release|Any CPU
		{99840E6C-A803-4067-A932-649E253850B7}.Debug|Any CPU.ActiveCfg = Debug|Any CPU
		{99840E6C-A803-4067-A932-649E253850B7}.Debug|Any CPU.Build.0 = Debug|Any CPU
		{99840E6C-A803-4067-A932-649E253850B7}.Release|Any CPU.ActiveCfg = Release|Any CPU
		{99840E6C-A803-4067-A932-649E253850B7}.Release|Any CPU.Build.0 = Release|Any CPU
	EndGlobalSection
	GlobalSection(SolutionProperties) = preSolution
		HideSolutionNode = FALSE
	EndGlobalSection
	GlobalSection(ExtensibilityGlobals) = postSolution
		SolutionGuid = {14355A59-4605-4FFB-8DA7-5A9A946D6F38}
	EndGlobalSection
EndGlobal
